<?xml version="1.0" encoding="UTF-8"?>
<Scheme
   LastUpgradeVersion = "0820"
   version = "1.3">
   <BuildAction
      parallelizeBuildables = "YES"
      buildImplicitDependencies = "YES">
      <BuildActionEntries>
         <BuildActionEntry
            buildForTesting = "YES"
            buildForRunning = "YES"
            buildForProfiling = "YES"
            buildForArchiving = "YES"
            buildForAnalyzing = "YES">
            <BuildableReference
               BuildableIdentifier = "primary"
               BlueprintIdentifier = "BD4BE09B1DAB395400ED38B4"
               BuildableName = "&#x521b;&#x5efa;&#x5730;&#x56fe;&#x4e0a;&#x7684;&#x5927;&#x5934;&#x9488;.app"
               BlueprintName = "&#x521b;&#x5efa;&#x5730;&#x56fe;&#x4e0a;&#x7684;&#x5927;&#x5934;&#x9488;"
               ReferencedContainer = "container:&#x521b;&#x5efa;&#x5730;&#x56fe;&#x4e0a;&#x7684;&#x5927;&#x5934;&#x9488;.xcodeproj">
            </BuildableReference>
         </BuildActionEntry>
      </BuildActionEntries>
   </BuildAction>
   <TestAction
      buildConfiguration = "Debug"
      selectedDebuggerIdentifier = "Xcode.DebuggerFoundation.Debugger.LLDB"
      selectedLauncherIdentifier = "Xcode.DebuggerFoundation.Launcher.LLDB"
      shouldUseLaunchSchemeArgsEnv = "YES">
      <Testables>
         <TestableReference
            skipped = "NO">
            <BuildableReference
               BuildableIdentifier = "primary"
               BlueprintIdentifier = "BD4BE0B41DAB395400ED38B4"
               BuildableName = "&#x521b;&#x5efa;&#x5730;&#x56fe;&#x4e0a;&#x7684;&#x5927;&#x5934;&#x9488;Tests.xctest"
               BlueprintName = "&#x521b;&#x5efa;&#x5730;&#x56fe;&#x4e0a;&#x7684;&#x5927;&#x5934;&#x9488;Tests"
               ReferencedContainer = "container:&#x521b;&#x5efa;&#x5730;&#x56fe;&#x4e0a;&#x7684;&#x5927;&#x5934;&#x9488;.xcodeproj">
            </BuildableReference>
         </TestableReference>
         <TestableReference
            skipped = "NO">
            <BuildableReference
               BuildableIdentifier = "primary"
               BlueprintIdentifier = "BD4BE0BF1DAB395400ED38B4"
               BuildableName = "&#x521b;&#x5efa;&#x5730;&#x56fe;&#x4e0a;&#x7684;&#x5927;&#x5934;&#x9488;UITests.xctest"
               BlueprintName = "&#x521b;&#x5efa;&#x5730;&#x56fe;&#x4e0a;&#x7684;&#x5927;&#x5934;&#x9488;UITests"
               ReferencedContainer = "container:&#x521b;&#x5efa;&#x5730;&#x56fe;&#x4e0a;&#x7684;&#x5927;&#x5934;&#x9488;.xcodeproj">
            </BuildableReference>
         </TestableReference>
      </Testables>
      <MacroExpansion>
         <BuildableReference
            BuildableIdentifier = "primary"
            BlueprintIdentifier = "BD4BE09B1DAB395400ED38B4"
            BuildableName = "&#x521b;&#x5efa;&#x5730;&#x56fe;&#x4e0a;&#x7684;&#x5927;&#x5934;&#x9488;.app"
            BlueprintName = "&#x521b;&#x5efa;&#x5730;&#x56fe;&#x4e0a;&#x7684;&#x5927;&#x5934;&#x9488;"
            ReferencedContainer = "container:&#x521b;&#x5efa;&#x5730;&#x56fe;&#x4e0a;&#x7684;&#x5927;&#x5934;&#x9488;.xcodeproj">
         </BuildableReference>
      </MacroExpansion>
      <AdditionalOptions>
      </AdditionalOptions>
   </TestAction>
   <LaunchAction
      buildConfiguration = "Debug"
      selectedDebuggerIdentifier = "Xcode.DebuggerFoundation.Debugger.LLDB"
      selectedLauncherIdentifier = "Xcode.DebuggerFoundation.Launcher.LLDB"
      launchStyle = "0"
      useCustomWorkingDirectory = "NO"
      ignoresPersistentStateOnLaunch = "NO"
      debugDocumentVersioning = "YES"
      debugServiceExtension = "internal"
      allowLocationSimulation = "YES">
      <BuildableProductRunnable
         runnableDebuggingMode = "0">
         <BuildableReference
            BuildableIdentifier = "primary"
            BlueprintIdentifier = "BD4BE09B1DAB395400ED38B4"
            BuildableName = "&#x521b;&#x5efa;&#x5730;&#x56fe;&#x4e0a;&#x7684;&#x5927;&#x5934;&#x9488;.app"
            BlueprintName = "&#x521b;&#x5efa;&#x5730;&#x56fe;&#x4e0a;&#x7684;&#x5927;&#x5934;&#x9488;"
            ReferencedContainer = "container:&#x521b;&#x5efa;&#x5730;&#x56fe;&#x4e0a;&#x7684;&#x5927;&#x5934;&#x9488;.xcodeproj">
         </BuildableReference>
      </BuildableProductRunnable>
      <AdditionalOptions>
      </AdditionalOptions>
   </LaunchAction>
   <ProfileAction
      buildConfiguration = "Release"
      shouldUseLaunchSchemeArgsEnv = "YES"
      savedToolIdentifier = ""
      useCustomWorkingDirectory = "NO"
      debugDocumentVersioning = "YES">
      <BuildableProductRunnable
         runnableDebuggingMode = "0">
         <BuildableReference
            BuildableIdentifier = "primary"
            BlueprintIdentifier = "BD4BE09B1DAB395400ED38B4"
            BuildableName = "&#x521b;&#x5efa;&#x5730;&#x56fe;&#x4e0a;&#x7684;&#x5927;&#x5934;&#x9488;.app"
            BlueprintName = "&#x521b;&#x5efa;&#x5730;&#x56fe;&#x4e0a;&#x7684;&#x5927;&#x5934;&#x9488;"
            ReferencedContainer = "container:&#x521b;&#x5efa;&#x5730;&#x56fe;&#x4e0a;&#x7684;&#x5927;&#x5934;&#x9488;.xcodeproj">
         </BuildableReference>
      </BuildableProductRunnable>
   </ProfileAction>
   <AnalyzeAction
      buildConfiguration = "Debug">
   </AnalyzeAction>
   <ArchiveAction
      buildConfiguration = "Release"
      revealArchiveInOrganizer = "YES">
   </ArchiveAction>
</Scheme>
